{
  "name": "ai-naming-miniprogram",
  "version": "1.0.0",
  "lockfileVersion": 3,
  "requires": true,
  "packages": {
    "": {
      "name": "ai-naming-miniprogram",
      "version": "1.0.0",
      "devDependencies": {
        "@types/wechat-miniprogram": "^3.4.7",
        "miniprogram-api-typings": "^3.12.2",
        "typescript": "^5.3.3"
      }
    },
    "node_modules/@types/wechat-miniprogram": {
      "version": "3.4.9",
      "resolved": "https://registry.npmmirror.com/@types/wechat-miniprogram/-/wechat-miniprogram-3.4.9.tgz",
      "integrity": "sha512-3JONYYpeOnpu507qv9eOZpiF2DIrb6MTM8iYxGE8wjttBa6NOrhxNJdlvGONTx9vVV7jbFAs472qcK2s2C37VA==",
      "dev": true,
      "license": "MIT"
    },
    "node_modules/miniprogram-api-typings": {
      "version": "3.12.3",
      "resolved": "https://registry.npmmirror.com/miniprogram-api-typings/-/miniprogram-api-typings-3.12.3.tgz",
      "integrity": "sha512-o7bOfrU28MEMCBWo83nXv0ROQSBFxJcfCl4f2wTYqah64ipC5RGqLJfvWJTWhlQt2ECVwspSzM8LgvnfMo7TEQ==",
      "dev": true,
      "license": "MIT"
    },
    "node_modules/typescript": {
      "version": "5.9.3",
      "resolved": "https://registry.npmmirror.com/typescript/-/typescript-5.9.3.tgz",
      "integrity": "sha512-jl1vZzPDinLr9eUt3J/t7V6FgNEw9QjvBPdysz9KfQDD41fQrC2Y4vKQdiaUpFT4bXlb1RHhLpp8wtm6M5TgSw==",
      "dev": true,
      "license": "Apache-2.0",
      "bin": {
        "tsc": "bin/tsc",
        "tsserver": "bin/tsserver"
      },
      "engines": {
        "node": ">=14.17"
      }
    }
  }
}
